
Microsoft Visual Studio Solution File, Format Version 12.00
# Visual Studio 15
VisualStudioVersion = 15.0.28010.2019
MinimumVisualStudioVersion = 10.0.40219.1
Project("{FAE04EC0-301F-11D3-BF4B-00C04F79EFBC}") = "TestBackendDev.DAL", "TestBackendDev.DAL\TestBackendDev.DAL.csproj", "{72AAFC0D-87CF-480D-ACC6-E7AA05A24BD2}"
EndProject
Project("{FAE04EC0-301F-11D3-BF4B-00C04F79EFBC}") = "TestBackendDev.BLL", "TestBackendDev.BLL\TestBackendDev.BLL.csproj", "{95652160-C244-4E69-B46D-E140633949C0}"
EndProject
Project("{9A19103F-16F7-4668-BE54-9A1E7A4F7556}") = "TestBackendDev.API", "TestBackendDev.API\TestBackendDev.API.csproj", "{476CCB78-CDD5-41E1-84AE-A3FB0E0D38FC}"
EndProject
Global
	GlobalSection(SolutionConfigurationPlatforms) = preSolution
		Debug|Any CPU = Debug|Any CPU
		Debug|x86 = Debug|x86
		Release|Any CPU = Release|Any CPU
		Release|x86 = Release|x86
	EndGlobalSection
	GlobalSection(ProjectConfigurationPlatforms) = postSolution
		{72AAFC0D-87CF-480D-ACC6-E7AA05A24BD2}.Debug|Any CPU.ActiveCfg = Debug|Any CPU
		{72AAFC0D-87CF-480D-ACC6-E7AA05A24BD2}.Debug|Any CPU.Build.0 = Debug|Any CPU
		{72AAFC0D-87CF-480D-ACC6-E7AA05A24BD2}.Debug|x86.ActiveCfg = Debug|Any CPU
		{72AAFC0D-87CF-480D-ACC6-E7AA05A24BD2}.Debug|x86.Build.0 = Debug|Any CPU
		{72AAFC0D-87CF-480D-ACC6-E7AA05A24BD2}.Release|Any CPU.ActiveCfg = Release|Any CPU
		{72AAFC0D-87CF-480D-ACC6-E7AA05A24BD2}.Release|Any CPU.Build.0 = Release|Any CPU
		{72AAFC0D-87CF-480D-ACC6-E7AA05A24BD2}.Release|x86.ActiveCfg = Release|Any CPU
		{72AAFC0D-87CF-480D-ACC6-E7AA05A24BD2}.Release|x86.Build.0 = Release|Any CPU
		{95652160-C244-4E69-B46D-E140633949C0}.Debug|Any CPU.ActiveCfg = Debug|Any CPU
		{95652160-C244-4E69-B46D-E140633949C0}.Debug|Any CPU.Build.0 = Debug|Any CPU
		{95652160-C244-4E69-B46D-E140633949C0}.Debug|x86.ActiveCfg = Debug|Any CPU
		{95652160-C244-4E69-B46D-E140633949C0}.Debug|x86.Build.0 = Debug|Any CPU
		{95652160-C244-4E69-B46D-E140633949C0}.Release|Any CPU.ActiveCfg = Release|Any CPU
		{95652160-C244-4E69-B46D-E140633949C0}.Release|Any CPU.Build.0 = Release|Any CPU
		{95652160-C244-4E69-B46D-E140633949C0}.Release|x86.ActiveCfg = Release|Any CPU
		{95652160-C244-4E69-B46D-E140633949C0}.Release|x86.Build.0 = Release|Any CPU
		{476CCB78-CDD5-41E1-84AE-A3FB0E0D38FC}.Debug|Any CPU.ActiveCfg = Debug|Any CPU
		{476CCB78-CDD5-41E1-84AE-A3FB0E0D38FC}.Debug|Any CPU.Build.0 = Debug|Any CPU
		{476CCB78-CDD5-41E1-84AE-A3FB0E0D38FC}.Debug|x86.ActiveCfg = Debug|Any CPU
		{476CCB78-CDD5-41E1-84AE-A3FB0E0D38FC}.Debug|x86.Build.0 = Debug|Any CPU
		{476CCB78-CDD5-41E1-84AE-A3FB0E0D38FC}.Release|Any CPU.ActiveCfg = Release|Any CPU
		{476CCB78-CDD5-41E1-84AE-A3FB0E0D38FC}.Release|Any CPU.Build.0 = Release|Any CPU
		{476CCB78-CDD5-41E1-84AE-A3FB0E0D38FC}.Release|x86.ActiveCfg = Release|Any CPU
		{476CCB78-CDD5-41E1-84AE-A3FB0E0D38FC}.Release|x86.Build.0 = Release|Any CPU
	EndGlobalSection
	GlobalSection(SolutionProperties) = preSolution
		HideSolutionNode = FALSE
	EndGlobalSection
	GlobalSection(ExtensibilityGlobals) = postSolution
		SolutionGuid = {FEDFD100-5155-46E6-A067-A0B5D5A794E0}
	EndGlobalSection
EndGlobal
